
Microsoft Visual Studio Solution File, Format Version 12.00
# Visual Studio Version 17
VisualStudioVersion = 17.9.34607.119
MinimumVisualStudioVersion = 10.0.40219.1
Project("{9A19103F-16F7-4668-BE54-9A1E7A4F7556}") = "AiChef.Server", "Server\AiChef.Server.csproj", "{BFD0D1E8-FC0B-4106-8D70-A19BE5FDD25B}"
EndProject
Project("{9A19103F-16F7-4668-BE54-9A1E7A4F7556}") = "AiChef.Client", "Client\AiChef.Client.csproj", "{5F7A67F3-65F1-4A85-AF68-41FF5E65F3A4}"
EndProject
Project("{9A19103F-16F7-4668-BE54-9A1E7A4F7556}") = "AiChef.Shared", "Shared\AiChef.Shared.csproj", "{81AEDEFA-50B8-40D3-A4BA-095F88BB815C}"
EndProject
Global
	GlobalSection(SolutionConfigurationPlatforms) = preSolution
		Debug|Any CPU = Debug|Any CPU
		Release|Any CPU = Release|Any CPU
	EndGlobalSection
	GlobalSection(ProjectConfigurationPlatforms) = postSolution
		{BFD0D1E8-FC0B-4106-8D70-A19BE5FDD25B}.Debug|Any CPU.ActiveCfg = Debug|Any CPU
		{BFD0D1E8-FC0B-4106-8D70-A19BE5FDD25B}.Debug|Any CPU.Build.0 = Debug|Any CPU
		{BFD0D1E8-FC0B-4106-8D70-A19BE5FDD25B}.Release|Any CPU.ActiveCfg = Release|Any CPU
		{BFD0D1E8-FC0B-4106-8D70-A19BE5FDD25B}.Release|Any CPU.Build.0 = Release|Any CPU
		{5F7A67F3-65F1-4A85-AF68-41FF5E65F3A4}.Debug|Any CPU.ActiveCfg = Debug|Any CPU
		{5F7A67F3-65F1-4A85-AF68-41FF5E65F3A4}.Debug|Any CPU.Build.0 = Debug|Any CPU
		{5F7A67F3-65F1-4A85-AF68-41FF5E65F3A4}.Release|Any CPU.ActiveCfg = Release|Any CPU
		{5F7A67F3-65F1-4A85-AF68-41FF5E65F3A4}.Release|Any CPU.Build.0 = Release|Any CPU
		{81AEDEFA-50B8-40D3-A4BA-095F88BB815C}.Debug|Any CPU.ActiveCfg = Debug|Any CPU
		{81AEDEFA-50B8-40D3-A4BA-095F88BB815C}.Debug|Any CPU.Build.0 = Debug|Any CPU
		{81AEDEFA-50B8-40D3-A4BA-095F88BB815C}.Release|Any CPU.ActiveCfg = Release|Any CPU
		{81AEDEFA-50B8-40D3-A4BA-095F88BB815C}.Release|Any CPU.Build.0 = Release|Any CPU
	EndGlobalSection
	GlobalSection(SolutionProperties) = preSolution
		HideSolutionNode = FALSE
	EndGlobalSection
	GlobalSection(ExtensibilityGlobals) = postSolution
		SolutionGuid = {447540F8-B938-4C88-9552-71D3B89666E8}
	EndGlobalSection
EndGlobal
